// !$*UTF8*$!
{
	archiveVersion = 1;
	classes = {
	};
	objectVersion = 50;
	objects = {

/* Begin PBXBuildFile section */
		0742F02621F37F2C00B6780F /* AppDelegate.swift in Sources */ = {isa = PBXBuildFile; fileRef = 0742F02521F37F2C00B6780F /* AppDelegate.swift */; };
		0742F02B21F37F2C00B6780F /* Main.storyboard in Resources */ = {isa = PBXBuildFile; fileRef = 0742F02921F37F2C00B6780F /* Main.storyboard */; };
		0742F02D21F37F3100B6780F /* Assets.xcassets in Resources */ = {isa = PBXBuildFile; fileRef = 0742F02C21F37F3100B6780F /* Assets.xcassets */; };
		0742F03021F37F3100B6780F /* LaunchScreen.storyboard in Resources */ = {isa = PBXBuildFile; fileRef = 0742F02E21F37F3100B6780F /* LaunchScreen.storyboard */; };
		0742F03821F39BAF00B6780F /* QuizMaker.swift in Sources */ = {isa = PBXBuildFile; fileRef = 0742F03721F39BAF00B6780F /* QuizMaker.swift */; };
		0742F03A21F39E8200B6780F /* EntryTableViewCell.swift in Sources */ = {isa = PBXBuildFile; fileRef = 0742F03921F39E8200B6780F /* EntryTableViewCell.swift */; };
		0742F03C21F39EE000B6780F /* EntryTableViewController.swift in Sources */ = {isa = PBXBuildFile; fileRef = 0742F03B21F39EE000B6780F /* EntryTableViewController.swift */; };
		0742F03E21F3FA6E00B6780F /* UploadTableViewCell.swift in Sources */ = {isa = PBXBuildFile; fileRef = 0742F03D21F3FA6E00B6780F /* UploadTableViewCell.swift */; };
		676B79AC21F46365004A2B10 /* FBSDKLoginKit.framework in Frameworks */ = {isa = PBXBuildFile; fileRef = 676B79A921F46365004A2B10 /* FBSDKLoginKit.framework */; };
		676B79AD21F46365004A2B10 /* FBSDKCoreKit.framework in Frameworks */ = {isa = PBXBuildFile; fileRef = 676B79AA21F46365004A2B10 /* FBSDKCoreKit.framework */; };
		676B79AE21F46365004A2B10 /* Bolts.framework in Frameworks */ = {isa = PBXBuildFile; fileRef = 676B79AB21F46365004A2B10 /* Bolts.framework */; };
/* End PBXBuildFile section */

/* Begin PBXFileReference section */
		0742F02221F37F2C00B6780F /* QuizMaker.app */ = {isa = PBXFileReference; explicitFileType = wrapper.application; includeInIndex = 0; path = QuizMaker.app; sourceTree = BUILT_PRODUCTS_DIR; };
		0742F02521F37F2C00B6780F /* AppDelegate.swift */ = {isa = PBXFileReference; lastKnownFileType = sourcecode.swift; path = AppDelegate.swift; sourceTree = "<group>"; };
		0742F02A21F37F2C00B6780F /* Base */ = {isa = PBXFileReference; lastKnownFileType = file.storyboard; name = Base; path = Base.lproj/Main.storyboard; sourceTree = "<group>"; };
		0742F02C21F37F3100B6780F /* Assets.xcassets */ = {isa = PBXFileReference; lastKnownFileType = folder.assetcatalog; path = Assets.xcassets; sourceTree = "<group>"; };
		0742F02F21F37F3100B6780F /* Base */ = {isa = PBXFileReference; lastKnownFileType = file.storyboard; name = Base; path = Base.lproj/LaunchScreen.storyboard; sourceTree = "<group>"; };
		0742F03121F37F3100B6780F /* Info.plist */ = {isa = PBXFileReference; lastKnownFileType = text.plist.xml; path = Info.plist; sourceTree = "<group>"; };
		0742F03721F39BAF00B6780F /* QuizMaker.swift */ = {isa = PBXFileReference; lastKnownFileType = sourcecode.swift; path = QuizMaker.swift; sourceTree = "<group>"; };
		0742F03921F39E8200B6780F /* EntryTableViewCell.swift */ = {isa = PBXFileReference; lastKnownFileType = sourcecode.swift; path = EntryTableViewCell.swift; sourceTree = "<group>"; };
		0742F03B21F39EE000B6780F /* EntryTableViewController.swift */ = {isa = PBXFileReference; lastKnownFileType = sourcecode.swift; path = EntryTableViewController.swift; sourceTree = "<group>"; };
		0742F03D21F3FA6E00B6780F /* UploadTableViewCell.swift */ = {isa = PBXFileReference; lastKnownFileType = sourcecode.swift; path = UploadTableViewCell.swift; sourceTree = "<group>"; };
		676B79A921F46365004A2B10 /* FBSDKLoginKit.framework */ = {isa = PBXFileReference; lastKnownFileType = wrapper.framework; path = FBSDKLoginKit.framework; sourceTree = "<group>"; };
		676B79AA21F46365004A2B10 /* FBSDKCoreKit.framework */ = {isa = PBXFileReference; lastKnownFileType = wrapper.framework; path = FBSDKCoreKit.framework; sourceTree = "<group>"; };
		676B79AB21F46365004A2B10 /* Bolts.framework */ = {isa = PBXFileReference; lastKnownFileType = wrapper.framework; path = Bolts.framework; sourceTree = "<group>"; };
/* End PBXFileReference section */

/* Begin PBXFrameworksBuildPhase section */
		0742F01F21F37F2C00B6780F /* Frameworks */ = {
			isa = PBXFrameworksBuildPhase;
			buildActionMask = 2147483647;
			files = (
				676B79AE21F46365004A2B10 /* Bolts.framework in Frameworks */,
				676B79AC21F46365004A2B10 /* FBSDKLoginKit.framework in Frameworks */,
				676B79AD21F46365004A2B10 /* FBSDKCoreKit.framework in Frameworks */,
			);
			runOnlyForDeploymentPostprocessing = 0;
		};
/* End PBXFrameworksBuildPhase section */

/* Begin PBXGroup section */
		0742F01921F37F2B00B6780F = {
			isa = PBXGroup;
			children = (
				676B79A821F46365004A2B10 /* Frameworks */,
				0742F02421F37F2C00B6780F /* QuizMaker */,
				0742F02321F37F2C00B6780F /* Products */,
			);
			sourceTree = "<group>";
		};
		0742F02321F37F2C00B6780F /* Products */ = {
			isa = PBXGroup;
			children = (
				0742F02221F37F2C00B6780F /* QuizMaker.app */,
			);
			name = Products;
			sourceTree = "<group>";
		};
		0742F02421F37F2C00B6780F /* QuizMaker */ = {
			isa = PBXGroup;
			children = (
				0742F03721F39BAF00B6780F /* QuizMaker.swift */,
				0742F02521F37F2C00B6780F /* AppDelegate.swift */,
				0742F03B21F39EE000B6780F /* EntryTableViewController.swift */,
				0742F03921F39E8200B6780F /* EntryTableViewCell.swift */,
				0742F03D21F3FA6E00B6780F /* UploadTableViewCell.swift */,
				0742F02921F37F2C00B6780F /* Main.storyboard */,
				0742F02C21F37F3100B6780F /* Assets.xcassets */,
				0742F02E21F37F3100B6780F /* LaunchScreen.storyboard */,
				0742F03121F37F3100B6780F /* Info.plist */,
			);
			path = QuizMaker;
			sourceTree = "<group>";
		};
		676B79A821F46365004A2B10 /* Frameworks */ = {
			isa = PBXGroup;
			children = (
				676B79A921F46365004A2B10 /* FBSDKLoginKit.framework */,
				676B79AA21F46365004A2B10 /* FBSDKCoreKit.framework */,
				676B79AB21F46365004A2B10 /* Bolts.framework */,
			);
			path = Frameworks;
			sourceTree = "<group>";
		};
/* End PBXGroup section */

/* Begin PBXNativeTarget section */
		0742F02121F37F2C00B6780F /* QuizMaker */ = {
			isa = PBXNativeTarget;
			buildConfigurationList = 0742F03421F37F3100B6780F /* Build configuration list for PBXNativeTarget "QuizMaker" */;
			buildPhases = (
				0742F01E21F37F2C00B6780F /* Sources */,
				0742F01F21F37F2C00B6780F /* Frameworks */,
				0742F02021F37F2C00B6780F /* Resources */,
			);
			buildRules = (
			);
			dependencies = (
			);
			name = QuizMaker;
			productName = QuizMaker;
			productReference = 0742F02221F37F2C00B6780F /* QuizMaker.app */;
			productType = "com.apple.product-type.application";
		};
/* End PBXNativeTarget section */

/* Begin PBXProject section */
		0742F01A21F37F2B00B6780F /* Project object */ = {
			isa = PBXProject;
			attributes = {
				LastSwiftUpdateCheck = 1010;
				LastUpgradeCheck = 1010;
				ORGANIZATIONNAME = "Nene Yamasaki";
				TargetAttributes = {
					0742F02121F37F2C00B6780F = {
						CreatedOnToolsVersion = 10.1;
					};
				};
			};
			buildConfigurationList = 0742F01D21F37F2B00B6780F /* Build configuration list for PBXProject "QuizMaker" */;
			compatibilityVersion = "Xcode 9.3";
			developmentRegion = en;
			hasScannedForEncodings = 0;
			knownRegions = (
				en,
				Base,
			);
			mainGroup = 0742F01921F37F2B00B6780F;
			productRefGroup = 0742F02321F37F2C00B6780F /* Products */;
			projectDirPath = "";
			projectRoot = "";
			targets = (
				0742F02121F37F2C00B6780F /* QuizMaker */,
			);
		};
/* End PBXProject section */

/* Begin PBXResourcesBuildPhase section */
		0742F02021F37F2C00B6780F /* Resources */ = {
			isa = PBXResourcesBuildPhase;
			buildActionMask = 2147483647;
			files = (
				0742F03021F37F3100B6780F /* LaunchScreen.storyboard in Resources */,
				0742F02D21F37F3100B6780F /* Assets.xcassets in Resources */,
				0742F02B21F37F2C00B6780F /* Main.storyboard in Resources */,
			);
			runOnlyForDeploymentPostprocessing = 0;
		};
/* End PBXResourcesBuildPhase section */

/* Begin PBXSourcesBuildPhase section */
		0742F01E21F37F2C00B6780F /* Sources */ = {
			isa = PBXSourcesBuildPhase;
			buildActionMask = 2147483647;
			files = (
				0742F03A21F39E8200B6780F /* EntryTableViewCell.swift in Sources */,
				0742F02621F37F2C00B6780F /* AppDelegate.swift in Sources */,
				0742F03C21F39EE000B6780F /* EntryTableViewController.swift in Sources */,
				0742F03E21F3FA6E00B6780F /* UploadTableViewCell.swift in Sources */,
				0742F03821F39BAF00B6780F /* QuizMaker.swift in Sources */,
			);
			runOnlyForDeploymentPostprocessing = 0;
		};
/* End PBXSourcesBuildPhase section */

/* Begin PBXVariantGroup section */
		0742F02921F37F2C00B6780F /* Main.storyboard */ = {
			isa = PBXVariantGroup;
			children = (
				0742F02A21F37F2C00B6780F /* Base */,
			);
			name = Main.storyboard;
			sourceTree = "<group>";
		};
		0742F02E21F37F3100B6780F /* LaunchScreen.storyboard */ = {
			isa = PBXVariantGroup;
			children = (
				0742F02F21F37F3100B6780F /* Base */,
			);
			name = LaunchScreen.storyboard;
			sourceTree = "<group>";
		};
/* End PBXVariantGroup section */

/* Begin XCBuildConfiguration section */
		0742F03221F37F3100B6780F /* Debug */ = {
			isa = XCBuildConfiguration;
			buildSettings = {
				ALWAYS_SEARCH_USER_PATHS = NO;
				CLANG_ANALYZER_NONNULL = YES;
				CLANG_ANALYZER_NUMBER_OBJECT_CONVERSION = YES_AGGRESSIVE;
				CLANG_CXX_LANGUAGE_STANDARD = "gnu++14";
				CLANG_CXX_LIBRARY = "libc++";
				CLANG_ENABLE_MODULES = YES;
				CLANG_ENABLE_OBJC_ARC = YES;
				CLANG_ENABLE_OBJC_WEAK = YES;
				CLANG_WARN_BLOCK_CAPTURE_AUTORELEASING = YES;
				CLANG_WARN_BOOL_CONVERSION = YES;
				CLANG_WARN_COMMA = YES;
				CLANG_WARN_CONSTANT_CONVERSION = YES;
				CLANG_WARN_DEPRECATED_OBJC_IMPLEMENTATIONS = YES;
				CLANG_WARN_DIRECT_OBJC_ISA_USAGE = YES_ERROR;
				CLANG_WARN_DOCUMENTATION_COMMENTS = YES;
				CLANG_WARN_EMPTY_BODY = YES;
				CLANG_WARN_ENUM_CONVERSION = YES;
				CLANG_WARN_INFINITE_RECURSION = YES;
				CLANG_WARN_INT_CONVERSION = YES;
				CLANG_WARN_NON_LITERAL_NULL_CONVERSION = YES;
				CLANG_WARN_OBJC_IMPLICIT_RETAIN_SELF = YES;
				CLANG_WARN_OBJC_LITERAL_CONVERSION = YES;
				CLANG_WARN_OBJC_ROOT_CLASS = YES_ERROR;
				CLANG_WARN_RANGE_LOOP_ANALYSIS = YES;
				CLANG_WARN_STRICT_PROTOTYPES = YES;
				CLANG_WARN_SUSPICIOUS_MOVE = YES;
				CLANG_WARN_UNGUARDED_AVAILABILITY = YES_AGGRESSIVE;
				CLANG_WARN_UNREACHABLE_CODE = YES;
				CLANG_WARN__DUPLICATE_METHOD_MATCH = YES;
				CODE_SIGN_IDENTITY = "iPhone Developer";
				COPY_PHASE_STRIP = NO;
				DEBUG_INFORMATION_FORMAT = dwarf;
				ENABLE_STRICT_OBJC_MSGSEND = YES;
				ENABLE_TESTABILITY = YES;
				GCC_C_LANGUAGE_STANDARD = gnu11;
				GCC_DYNAMIC_NO_PIC = NO;
				GCC_NO_COMMON_BLOCKS = YES;
				GCC_OPTIMIZATION_LEVEL = 0;
				GCC_PREPROCESSOR_DEFINITIONS = (
					"DEBUG=1",
					"$(inherited)",
				);
				GCC_WARN_64_TO_32_BIT_CONVERSION = YES;
				GCC_WARN_ABOUT_RETURN_TYPE = YES_ERROR;
				GCC_WARN_UNDECLARED_SELECTOR = YES;
				GCC_WARN_UNINITIALIZED_AUTOS = YES_AGGRESSIVE;
				GCC_WARN_UNUSED_FUNCTION = YES;
				GCC_WARN_UNUSED_VARIABLE = YES;
				IPHONEOS_DEPLOYMENT_TARGET = 12.1;
				MTL_ENABLE_DEBUG_INFO = INCLUDE_SOURCE;
				MTL_FAST_MATH = YES;
				ONLY_ACTIVE_ARCH = YES;
				SDKROOT = iphoneos;
				SWIFT_ACTIVE_COMPILATION_CONDITIONS = DEBUG;
				SWIFT_OPTIMIZATION_LEVEL = "-Onone";
			};
			name = Debug;
		};
		0742F03321F37F3100B6780F /* Release */ = {
			isa = XCBuildConfiguration;
			buildSettings = {
				ALWAYS_SEARCH_USER_PATHS = NO;
				CLANG_ANALYZER_NONNULL = YES;
				CLANG_ANALYZER_NUMBER_OBJECT_CONVERSION = YES_AGGRESSIVE;
				CLANG_CXX_LANGUAGE_STANDARD = "gnu++14";
				CLANG_CXX_LIBRARY = "libc++";
				CLANG_ENABLE_MODULES = YES;
				CLANG_ENABLE_OBJC_ARC = YES;
				CLANG_ENABLE_OBJC_WEAK = YES;
				CLANG_WARN_BLOCK_CAPTURE_AUTORELEASING = YES;
				CLANG_WARN_BOOL_CONVERSION = YES;
				CLANG_WARN_COMMA = YES;
				CLANG_WARN_CONSTANT_CONVERSION = YES;
				CLANG_WARN_DEPRECATED_OBJC_IMPLEMENTATIONS = YES;
				CLANG_WARN_DIRECT_OBJC_ISA_USAGE = YES_ERROR;
				CLANG_WARN_DOCUMENTATION_COMMENTS = YES;
				CLANG_WARN_EMPTY_BODY = YES;
				CLANG_WARN_ENUM_CONVERSION = YES;
				CLANG_WARN_INFINITE_RECURSION = YES;
				CLANG_WARN_INT_CONVERSION = YES;
				CLANG_WARN_NON_LITERAL_NULL_CONVERSION = YES;
				CLANG_WARN_OBJC_IMPLICIT_RETAIN_SELF = YES;
				CLANG_WARN_OBJC_LITERAL_CONVERSION = YES;
				CLANG_WARN_OBJC_ROOT_CLASS = YES_ERROR;
				CLANG_WARN_RANGE_LOOP_ANALYSIS = YES;
				CLANG_WARN_STRICT_PROTOTYPES = YES;
				CLANG_WARN_SUSPICIOUS_MOVE = YES;
				CLANG_WARN_UNGUARDED_AVAILABILITY = YES_AGGRESSIVE;
				CLANG_WARN_UNREACHABLE_CODE = YES;
				CLANG_WARN__DUPLICATE_METHOD_MATCH = YES;
				CODE_SIGN_IDENTITY = "iPhone Developer";
				COPY_PHASE_STRIP = NO;
				DEBUG_INFORMATION_FORMAT = "dwarf-with-dsym";
				ENABLE_NS_ASSERTIONS = NO;
				ENABLE_STRICT_OBJC_MSGSEND = YES;
				GCC_C_LANGUAGE_STANDARD = gnu11;
				GCC_NO_COMMON_BLOCKS = YES;
				GCC_WARN_64_TO_32_BIT_CONVERSION = YES;
				GCC_WARN_ABOUT_RETURN_TYPE = YES_ERROR;
				GCC_WARN_UNDECLARED_SELECTOR = YES;
				GCC_WARN_UNINITIALIZED_AUTOS = YES_AGGRESSIVE;
				GCC_WARN_UNUSED_FUNCTION = YES;
				GCC_WARN_UNUSED_VARIABLE = YES;
				IPHONEOS_DEPLOYMENT_TARGET = 12.1;
				MTL_ENABLE_DEBUG_INFO = NO;
				MTL_FAST_MATH = YES;
				SDKROOT = iphoneos;
				SWIFT_COMPILATION_MODE = wholemodule;
				SWIFT_OPTIMIZATION_LEVEL = "-O";
				VALIDATE_PRODUCT = YES;
			};
			name = Release;
		};
		0742F03521F37F3100B6780F /* Debug */ = {
			isa = XCBuildConfiguration;
			buildSettings = {
				ASSETCATALOG_COMPILER_APPICON_NAME = AppIcon;
				CODE_SIGN_STYLE = Automatic;
				DEVELOPMENT_TEAM = 2UVJLV4H48;
				FRAMEWORK_SEARCH_PATHS = (
					"$(inherited)",
					"$(PROJECT_DIR)/Frameworks",
				);
				INFOPLIST_FILE = QuizMaker/Info.plist;
				LD_RUNPATH_SEARCH_PATHS = (
					"$(inherited)",
					"@executable_path/Frameworks",
				);
				OTHER_LDFLAGS = "-ObjC ";
				PRODUCT_BUNDLE_IDENTIFIER = "ny260-2019.QuizMaker";
				PRODUCT_NAME = "$(TARGET_NAME)";
				SWIFT_VERSION = 4.2;
				TARGETED_DEVICE_FAMILY = "1,2";
			};
			name = Debug;
		};
		0742F03621F37F3100B6780F /* Release */ = {
			isa = XCBuildConfiguration;
			buildSettings = {
				ASSETCATALOG_COMPILER_APPICON_NAME = AppIcon;
				CODE_SIGN_STYLE = Automatic;
				DEVELOPMENT_TEAM = 2UVJLV4H48;
				FRAMEWORK_SEARCH_PATHS = (
					"$(inherited)",
					"$(PROJECT_DIR)/Frameworks",
				);
				INFOPLIST_FILE = QuizMaker/Info.plist;
				LD_RUNPATH_SEARCH_PATHS = (
					"$(inherited)",
					"@executable_path/Frameworks",
				);
				OTHER_LDFLAGS = "-ObjC ";
				PRODUCT_BUNDLE_IDENTIFIER = "ny260-2019.QuizMaker";
				PRODUCT_NAME = "$(TARGET_NAME)";
				SWIFT_VERSION = 4.2;
				TARGETED_DEVICE_FAMILY = "1,2";
			};
			name = Release;
		};
/* End XCBuildConfiguration section */

/* Begin XCConfigurationList section */
		0742F01D21F37F2B00B6780F /* Build configuration list for PBXProject "QuizMaker" */ = {
			isa = XCConfigurationList;
			buildConfigurations = (
				0742F03221F37F3100B6780F /* Debug */,
				0742F03321F37F3100B6780F /* Release */,
			);
			defaultConfigurationIsVisible = 0;
			defaultConfigurationName = Release;
		};
		0742F03421F37F3100B6780F /* Build configuration list for PBXNativeTarget "QuizMaker" */ = {
			isa = XCConfigurationList;
			buildConfigurations = (
				0742F03521F37F3100B6780F /* Debug */,
				0742F03621F37F3100B6780F /* Release */,
			);
			defaultConfigurationIsVisible = 0;
			defaultConfigurationName = Release;
		};
/* End XCConfigurationList section */
	};
	rootObject = 0742F01A21F37F2B00B6780F /* Project object */;
}
